# THIS IS AN AUTOGENERATED FILE. DO NOT EDIT THIS FILE DIRECTLY.
# yarn lockfile v1


create-playwright@^1.17.131:
  version "1.17.131"
  resolved "https://registry.yarnpkg.com/create-playwright/-/create-playwright-1.17.131.tgz#283884ae4eb4b6c0bc2a1809a2a06493c1b28814"
  integrity sha512-aBOlibpR20+HFjGY3pD3qRW567LNxUEYiTWOn3srYI7rpRw/Czq5IlgyQhVuqq/J7ZsGkhVzvBjQKQtmcdPUqQ==
